{
    "name": "node-red-contrib-garmin-empirbus",
    "version": "1.1.68",
    "lockfileVersion": 3,
    "requires": true,
    "packages": {
        "": {
            "name": "node-red-contrib-garmin-empirbus",
            "version": "1.1.68",
            "license": "MIT",
            "dependencies": {
                "garmin-empirbus-ts": "^0.1.30"
            },
            "devDependencies": {
                "@types/node": "20",
                "@types/node-red": "^1.3.5",
                "@types/node-red__editor-api": "^1.3.5",
                "copyfiles": "^2.4.1",
                "dotenv-cli": "^11.0.0",
                "typescript": "^5.9.3",
                "yargs": "17"
            },
            "engines": {
                "node": ">=18.0.0",
                "npm": ">=9.0.0"
            }
        },
        "node_modules/@types/ace": {
            "version": "0.0.52",
            "dev": true,
            "license": "MIT"
        },
        "node_modules/@types/body-parser": {
            "version": "1.19.6",
            "dev": true,
            "license": "MIT",
            "dependencies": {
                "@types/connect": "*",
                "@types/node": "*"
            }
        },
        "node_modules/@types/body-parser/node_modules/@types/node": {
            "version": "24.10.1",
            "dev": true,
            "license": "MIT",
            "dependencies": {
                "undici-types": "~7.16.0"
            }
        },
        "node_modules/@types/connect": {
            "version": "3.4.38",
            "dev": true,
            "license": "MIT",
            "dependencies": {
                "@types/node": "*"
            }
        },
        "node_modules/@types/connect/node_modules/@types/node": {
            "version": "24.10.1",
            "dev": true,
            "license": "MIT",
            "dependencies": {
                "undici-types": "~7.16.0"
            }
        },
        "node_modules/@types/cors": {
            "version": "2.8.19",
            "dev": true,
            "license": "MIT",
            "dependencies": {
                "@types/node": "*"
            }
        },
        "node_modules/@types/cors/node_modules/@types/node": {
            "version": "24.10.1",
            "dev": true,
            "license": "MIT",
            "dependencies": {
                "undici-types": "~7.16.0"
            }
        },
        "node_modules/@types/express": {
            "version": "5.0.5",
            "dev": true,
            "license": "MIT",
            "dependencies": {
                "@types/body-parser": "*",
                "@types/express-serve-static-core": "^5.0.0",
                "@types/serve-static": "^1"
            }
        },
        "node_modules/@types/express-serve-static-core": {
            "version": "5.1.0",
            "dev": true,
            "license": "MIT",
            "dependencies": {
                "@types/node": "*",
                "@types/qs": "*",
                "@types/range-parser": "*",
                "@types/send": "*"
            }
        },
        "node_modules/@types/express-serve-static-core/node_modules/@types/node": {
            "version": "24.10.1",
            "dev": true,
            "license": "MIT",
            "dependencies": {
                "undici-types": "~7.16.0"
            }
        },
        "node_modules/@types/http-errors": {
            "version": "2.0.5",
            "dev": true,
            "license": "MIT"
        },
        "node_modules/@types/jquery": {
            "version": "3.5.33",
            "dev": true,
            "license": "MIT",
            "dependencies": {
                "@types/sizzle": "*"
            }
        },
        "node_modules/@types/mime": {
            "version": "1.3.5",
            "dev": true,
            "license": "MIT"
        },
        "node_modules/@types/node": {
            "version": "20.19.39",
            "dev": true,
            "license": "MIT",
            "dependencies": {
                "undici-types": "~6.21.0"
            }
        },
        "node_modules/@types/node-red": {
            "version": "1.3.5",
            "dev": true,
            "license": "MIT",
            "dependencies": {
                "@types/express": "*",
                "@types/node-red__editor-api": "*",
                "@types/node-red__editor-client": "*",
                "@types/node-red__registry": "*",
                "@types/node-red__runtime": "*",
                "@types/node-red__util": "*"
            }
        },
        "node_modules/@types/node-red__editor-api": {
            "version": "1.3.5",
            "dev": true,
            "license": "MIT",
            "dependencies": {
                "@types/express": "*",
                "@types/node-red__runtime": "*"
            }
        },
        "node_modules/@types/node-red__editor-client": {
            "version": "1.3.11",
            "dev": true,
            "license": "MIT",
            "dependencies": {
                "@types/ace": "*",
                "@types/jquery": "*",
                "@types/node-red__registry": "*",
                "@types/node-red__runtime": "*",
                "@types/node-red__util": "*"
            }
        },
        "node_modules/@types/node-red__registry": {
            "version": "1.3.11",
            "dev": true,
            "license": "MIT",
            "dependencies": {
                "@types/express": "*",
                "@types/node-red__runtime": "*",
                "@types/node-red__util": "*"
            }
        },
        "node_modules/@types/node-red__runtime": {
            "version": "1.3.8",
            "dev": true,
            "license": "MIT",
            "dependencies": {
                "@types/cors": "*",
                "@types/express": "*",
                "@types/node-red__editor-api": "*",
                "@types/node-red__util": "*",
                "@types/passport": "*"
            }
        },
        "node_modules/@types/node-red__util": {
            "version": "1.3.8",
            "dev": true,
            "license": "MIT",
            "dependencies": {
                "@types/node-red__registry": "*",
                "@types/node-red__runtime": "*",
                "jsonata": "2.0.5"
            }
        },
        "node_modules/@types/node/node_modules/undici-types": {
            "version": "6.21.0",
            "dev": true,
            "license": "MIT"
        },
        "node_modules/@types/passport": {
            "version": "1.0.17",
            "dev": true,
            "license": "MIT",
            "dependencies": {
                "@types/express": "*"
            }
        },
        "node_modules/@types/qs": {
            "version": "6.14.0",
            "dev": true,
            "license": "MIT"
        },
        "node_modules/@types/range-parser": {
            "version": "1.2.7",
            "dev": true,
            "license": "MIT"
        },
        "node_modules/@types/send": {
            "version": "1.2.1",
            "dev": true,
            "license": "MIT",
            "dependencies": {
                "@types/node": "*"
            }
        },
        "node_modules/@types/send/node_modules/@types/node": {
            "version": "24.10.1",
            "dev": true,
            "license": "MIT",
            "dependencies": {
                "undici-types": "~7.16.0"
            }
        },
        "node_modules/@types/serve-static": {
            "version": "1.15.10",
            "dev": true,
            "license": "MIT",
            "dependencies": {
                "@types/http-errors": "*",
                "@types/node": "*",
                "@types/send": "<1"
            }
        },
        "node_modules/@types/serve-static/node_modules/@types/node": {
            "version": "24.10.1",
            "dev": true,
            "license": "MIT",
            "dependencies": {
                "undici-types": "~7.16.0"
            }
        },
        "node_modules/@types/serve-static/node_modules/@types/send": {
            "version": "0.17.6",
            "dev": true,
            "license": "MIT",
            "dependencies": {
                "@types/mime": "^1",
                "@types/node": "*"
            }
        },
        "node_modules/@types/sizzle": {
            "version": "2.3.10",
            "dev": true,
            "license": "MIT"
        },
        "node_modules/ansi-regex": {
            "version": "5.0.1",
            "license": "MIT",
            "engines": {
                "node": ">=8"
            }
        },
        "node_modules/ansi-styles": {
            "version": "4.3.0",
            "license": "MIT",
            "dependencies": {
                "color-convert": "^2.0.1"
            },
            "engines": {
                "node": ">=8"
            },
            "funding": {
                "url": "https://github.com/chalk/ansi-styles?sponsor=1"
            }
        },
        "node_modules/balanced-match": {
            "version": "1.0.2",
            "dev": true,
            "license": "MIT"
        },
        "node_modules/blessed": {
            "version": "0.1.81",
            "license": "MIT",
            "bin": {
                "blessed": "bin/tput.js"
            },
            "engines": {
                "node": ">= 0.8.0"
            }
        },
        "node_modules/brace-expansion": {
            "version": "1.1.12",
            "dev": true,
            "license": "MIT",
            "dependencies": {
                "balanced-match": "^1.0.0",
                "concat-map": "0.0.1"
            }
        },
        "node_modules/cliui": {
            "version": "7.0.4",
            "dev": true,
            "license": "ISC",
            "dependencies": {
                "string-width": "^4.2.0",
                "strip-ansi": "^6.0.0",
                "wrap-ansi": "^7.0.0"
            }
        },
        "node_modules/color-convert": {
            "version": "2.0.1",
            "license": "MIT",
            "dependencies": {
                "color-name": "~1.1.4"
            },
            "engines": {
                "node": ">=7.0.0"
            }
        },
        "node_modules/color-name": {
            "version": "1.1.4",
            "license": "MIT"
        },
        "node_modules/concat-map": {
            "version": "0.0.1",
            "dev": true,
            "license": "MIT"
        },
        "node_modules/copyfiles": {
            "version": "2.4.1",
            "dev": true,
            "license": "MIT",
            "dependencies": {
                "glob": "^7.0.5",
                "minimatch": "^3.0.3",
                "mkdirp": "^1.0.4",
                "noms": "0.0.0",
                "through2": "^2.0.1",
                "untildify": "^4.0.0",
                "yargs": "^16.1.0"
            },
            "bin": {
                "copyfiles": "copyfiles",
                "copyup": "copyfiles"
            }
        },
        "node_modules/copyfiles/node_modules/yargs": {
            "version": "16.2.0",
            "dev": true,
            "license": "MIT",
            "dependencies": {
                "cliui": "^7.0.2",
                "escalade": "^3.1.1",
                "get-caller-file": "^2.0.5",
                "require-directory": "^2.1.1",
                "string-width": "^4.2.0",
                "y18n": "^5.0.5",
                "yargs-parser": "^20.2.2"
            },
            "engines": {
                "node": ">=10"
            }
        },
        "node_modules/core-util-is": {
            "version": "1.0.3",
            "dev": true,
            "license": "MIT"
        },
        "node_modules/cross-spawn": {
            "version": "7.0.6",
            "dev": true,
            "license": "MIT",
            "dependencies": {
                "path-key": "^3.1.0",
                "shebang-command": "^2.0.0",
                "which": "^2.0.1"
            },
            "engines": {
                "node": ">= 8"
            }
        },
        "node_modules/dotenv": {
            "version": "16.6.1",
            "dev": true,
            "license": "BSD-2-Clause",
            "engines": {
                "node": ">=12"
            },
            "funding": {
                "url": "https://dotenvx.com"
            }
        },
        "node_modules/dotenv-cli": {
            "version": "11.0.0",
            "dev": true,
            "license": "MIT",
            "dependencies": {
                "cross-spawn": "^7.0.6",
                "dotenv": "^17.1.0",
                "dotenv-expand": "^12.0.0",
                "minimist": "^1.2.6"
            },
            "bin": {
                "dotenv": "cli.js"
            }
        },
        "node_modules/dotenv-cli/node_modules/dotenv": {
            "version": "17.3.1",
            "dev": true,
            "license": "BSD-2-Clause",
            "engines": {
                "node": ">=12"
            },
            "funding": {
                "url": "https://dotenvx.com"
            }
        },
        "node_modules/dotenv-expand": {
            "version": "12.0.3",
            "dev": true,
            "license": "BSD-2-Clause",
            "dependencies": {
                "dotenv": "^16.4.5"
            },
            "engines": {
                "node": ">=12"
            },
            "funding": {
                "url": "https://dotenvx.com"
            }
        },
        "node_modules/emoji-regex": {
            "version": "8.0.0",
            "license": "MIT"
        },
        "node_modules/escalade": {
            "version": "3.2.0",
            "license": "MIT",
            "engines": {
                "node": ">=6"
            }
        },
        "node_modules/fs.realpath": {
            "version": "1.0.0",
            "dev": true,
            "license": "ISC"
        },
        "node_modules/garmin-empirbus-ts": {
            "version": "0.1.28",
            "resolved": "https://registry.npmjs.org/garmin-empirbus-ts/-/garmin-empirbus-ts-0.1.28.tgz",
            "license": "MIT",
            "dependencies": {
                "blessed": "^0.1.81",
                "ws": "^8.19.0",
                "yargs": "17"
            }
        },
        "node_modules/get-caller-file": {
            "version": "2.0.5",
            "license": "ISC",
            "engines": {
                "node": "6.* || 8.* || >= 10.*"
            }
        },
        "node_modules/glob": {
            "version": "7.2.3",
            "dev": true,
            "license": "ISC",
            "dependencies": {
                "fs.realpath": "^1.0.0",
                "inflight": "^1.0.4",
                "inherits": "2",
                "minimatch": "^3.1.1",
                "once": "^1.3.0",
                "path-is-absolute": "^1.0.0"
            },
            "engines": {
                "node": "*"
            },
            "funding": {
                "url": "https://github.com/sponsors/isaacs"
            }
        },
        "node_modules/inflight": {
            "version": "1.0.6",
            "dev": true,
            "license": "ISC",
            "dependencies": {
                "once": "^1.3.0",
                "wrappy": "1"
            }
        },
        "node_modules/inherits": {
            "version": "2.0.4",
            "dev": true,
            "license": "ISC"
        },
        "node_modules/is-fullwidth-code-point": {
            "version": "3.0.0",
            "license": "MIT",
            "engines": {
                "node": ">=8"
            }
        },
        "node_modules/isarray": {
            "version": "0.0.1",
            "dev": true,
            "license": "MIT"
        },
        "node_modules/isexe": {
            "version": "2.0.0",
            "dev": true,
            "license": "ISC"
        },
        "node_modules/jsonata": {
            "version": "2.0.5",
            "dev": true,
            "license": "MIT",
            "engines": {
                "node": ">= 8"
            }
        },
        "node_modules/minimatch": {
            "version": "3.1.2",
            "dev": true,
            "license": "ISC",
            "dependencies": {
                "brace-expansion": "^1.1.7"
            },
            "engines": {
                "node": "*"
            }
        },
        "node_modules/minimist": {
            "version": "1.2.8",
            "dev": true,
            "license": "MIT",
            "funding": {
                "url": "https://github.com/sponsors/ljharb"
            }
        },
        "node_modules/mkdirp": {
            "version": "1.0.4",
            "dev": true,
            "license": "MIT",
            "bin": {
                "mkdirp": "bin/cmd.js"
            },
            "engines": {
                "node": ">=10"
            }
        },
        "node_modules/noms": {
            "version": "0.0.0",
            "dev": true,
            "license": "ISC",
            "dependencies": {
                "inherits": "^2.0.1",
                "readable-stream": "~1.0.31"
            }
        },
        "node_modules/once": {
            "version": "1.4.0",
            "dev": true,
            "license": "ISC",
            "dependencies": {
                "wrappy": "1"
            }
        },
        "node_modules/path-is-absolute": {
            "version": "1.0.1",
            "dev": true,
            "license": "MIT",
            "engines": {
                "node": ">=0.10.0"
            }
        },
        "node_modules/path-key": {
            "version": "3.1.1",
            "dev": true,
            "license": "MIT",
            "engines": {
                "node": ">=8"
            }
        },
        "node_modules/process-nextick-args": {
            "version": "2.0.1",
            "dev": true,
            "license": "MIT"
        },
        "node_modules/readable-stream": {
            "version": "1.0.34",
            "dev": true,
            "license": "MIT",
            "dependencies": {
                "core-util-is": "~1.0.0",
                "inherits": "~2.0.1",
                "isarray": "0.0.1",
                "string_decoder": "~0.10.x"
            }
        },
        "node_modules/require-directory": {
            "version": "2.1.1",
            "license": "MIT",
            "engines": {
                "node": ">=0.10.0"
            }
        },
        "node_modules/safe-buffer": {
            "version": "5.1.2",
            "dev": true,
            "license": "MIT"
        },
        "node_modules/shebang-command": {
            "version": "2.0.0",
            "dev": true,
            "license": "MIT",
            "dependencies": {
                "shebang-regex": "^3.0.0"
            },
            "engines": {
                "node": ">=8"
            }
        },
        "node_modules/shebang-regex": {
            "version": "3.0.0",
            "dev": true,
            "license": "MIT",
            "engines": {
                "node": ">=8"
            }
        },
        "node_modules/string_decoder": {
            "version": "0.10.31",
            "dev": true,
            "license": "MIT"
        },
        "node_modules/string-width": {
            "version": "4.2.3",
            "license": "MIT",
            "dependencies": {
                "emoji-regex": "^8.0.0",
                "is-fullwidth-code-point": "^3.0.0",
                "strip-ansi": "^6.0.1"
            },
            "engines": {
                "node": ">=8"
            }
        },
        "node_modules/strip-ansi": {
            "version": "6.0.1",
            "license": "MIT",
            "dependencies": {
                "ansi-regex": "^5.0.1"
            },
            "engines": {
                "node": ">=8"
            }
        },
        "node_modules/through2": {
            "version": "2.0.5",
            "dev": true,
            "license": "MIT",
            "dependencies": {
                "readable-stream": "~2.3.6",
                "xtend": "~4.0.1"
            }
        },
        "node_modules/through2/node_modules/isarray": {
            "version": "1.0.0",
            "dev": true,
            "license": "MIT"
        },
        "node_modules/through2/node_modules/readable-stream": {
            "version": "2.3.8",
            "dev": true,
            "license": "MIT",
            "dependencies": {
                "core-util-is": "~1.0.0",
                "inherits": "~2.0.3",
                "isarray": "~1.0.0",
                "process-nextick-args": "~2.0.0",
                "safe-buffer": "~5.1.1",
                "string_decoder": "~1.1.1",
                "util-deprecate": "~1.0.1"
            }
        },
        "node_modules/through2/node_modules/string_decoder": {
            "version": "1.1.1",
            "dev": true,
            "license": "MIT",
            "dependencies": {
                "safe-buffer": "~5.1.0"
            }
        },
        "node_modules/typescript": {
            "version": "5.9.3",
            "dev": true,
            "license": "Apache-2.0",
            "bin": {
                "tsc": "bin/tsc",
                "tsserver": "bin/tsserver"
            },
            "engines": {
                "node": ">=14.17"
            }
        },
        "node_modules/undici-types": {
            "version": "7.16.0",
            "dev": true,
            "license": "MIT"
        },
        "node_modules/untildify": {
            "version": "4.0.0",
            "dev": true,
            "license": "MIT",
            "engines": {
                "node": ">=8"
            }
        },
        "node_modules/util-deprecate": {
            "version": "1.0.2",
            "dev": true,
            "license": "MIT"
        },
        "node_modules/which": {
            "version": "2.0.2",
            "dev": true,
            "license": "ISC",
            "dependencies": {
                "isexe": "^2.0.0"
            },
            "bin": {
                "node-which": "bin/node-which"
            },
            "engines": {
                "node": ">= 8"
            }
        },
        "node_modules/wrap-ansi": {
            "version": "7.0.0",
            "license": "MIT",
            "dependencies": {
                "ansi-styles": "^4.0.0",
                "string-width": "^4.1.0",
                "strip-ansi": "^6.0.0"
            },
            "engines": {
                "node": ">=10"
            },
            "funding": {
                "url": "https://github.com/chalk/wrap-ansi?sponsor=1"
            }
        },
        "node_modules/wrappy": {
            "version": "1.0.2",
            "dev": true,
            "license": "ISC"
        },
        "node_modules/ws": {
            "version": "8.19.0",
            "license": "MIT",
            "engines": {
                "node": ">=10.0.0"
            },
            "peerDependencies": {
                "bufferutil": "^4.0.1",
                "utf-8-validate": ">=5.0.2"
            },
            "peerDependenciesMeta": {
                "bufferutil": {
                    "optional": true
                },
                "utf-8-validate": {
                    "optional": true
                }
            }
        },
        "node_modules/xtend": {
            "version": "4.0.2",
            "dev": true,
            "license": "MIT",
            "engines": {
                "node": ">=0.4"
            }
        },
        "node_modules/y18n": {
            "version": "5.0.8",
            "license": "ISC",
            "engines": {
                "node": ">=10"
            }
        },
        "node_modules/yargs": {
            "version": "17.7.2",
            "license": "MIT",
            "dependencies": {
                "cliui": "^8.0.1",
                "escalade": "^3.1.1",
                "get-caller-file": "^2.0.5",
                "require-directory": "^2.1.1",
                "string-width": "^4.2.3",
                "y18n": "^5.0.5",
                "yargs-parser": "^21.1.1"
            },
            "engines": {
                "node": ">=12"
            }
        },
        "node_modules/yargs-parser": {
            "version": "20.2.9",
            "dev": true,
            "license": "ISC",
            "engines": {
                "node": ">=10"
            }
        },
        "node_modules/yargs/node_modules/cliui": {
            "version": "8.0.1",
            "license": "ISC",
            "dependencies": {
                "string-width": "^4.2.0",
                "strip-ansi": "^6.0.1",
                "wrap-ansi": "^7.0.0"
            },
            "engines": {
                "node": ">=12"
            }
        },
        "node_modules/yargs/node_modules/yargs-parser": {
            "version": "21.1.1",
            "license": "ISC",
            "engines": {
                "node": ">=12"
            }
        }
    }
}
